<?xml version="1.0" encoding="utf-8"?>
<Project ToolsVersion="4.0" xmlns="http://schemas.microsoft.com/developer/msbuild/2003">
  <ItemGroup>
    <Filter Include="Source Files">
      <UniqueIdentifier>{4FC737F1-C7A5-4376-A066-2A32D752A2FF}</UniqueIdentifier>
      <Extensions>cpp;c;cc;cxx;def;odl;idl;hpj;bat;asm;asmx</Extensions>
    </Filter>
    <Filter Include="Header Files">
      <UniqueIdentifier>{93995380-89BD-4b04-88EB-625FBE52EBFB}</UniqueIdentifier>
      <Extensions>h;hh;hpp;hxx;hm;inl;inc;xsd</Extensions>
    </Filter>
    <Filter Include="Resource Files">
      <UniqueIdentifier>{67DA6AB6-F800-4c08-8B7A-83BB121AAD01}</UniqueIdentifier>
      <Extensions>rc;ico;cur;bmp;dlg;rc2;rct;bin;rgs;gif;jpg;jpeg;jpe;resx;tiff;tif;png;wav;mfcribbon-ms</Extensions>
    </Filter>
    <Filter Include="Header Files\MazeGen">
      <UniqueIdentifier>{73189443-aa36-492e-9015-b9ed60328bad}</UniqueIdentifier>
    </Filter>
    <Filter Include="Source Files\MazeGen">
      <UniqueIdentifier>{76c5b953-7c15-40b3-8a51-a54a14f0b192}</UniqueIdentifier>
    </Filter>
    <Filter Include="Header Files\Utilities">
      <UniqueIdentifier>{3676cfe7-b949-4e68-bfa3-1c9348a7d28d}</UniqueIdentifier>
    </Filter>
    <Filter Include="Source Files\Utilities">
      <UniqueIdentifier>{f5683648-e498-467f-a97d-5f4fac7ff9d1}</UniqueIdentifier>
    </Filter>
    <Filter Include="Header Files\Rendering">
      <UniqueIdentifier>{66567349-7abe-4aa1-818d-9860e9fb324b}</UniqueIdentifier>
    </Filter>
    <Filter Include="Header Files\Rendering\d3dx12">
      <UniqueIdentifier>{3d2e0ec8-71ca-455e-a94d-d1faa9a26dc8}</UniqueIdentifier>
    </Filter>
    <Filter Include="Source Files\Rendering">
      <UniqueIdentifier>{8aed748e-1967-4073-8725-552dda119c64}</UniqueIdentifier>
    </Filter>
    <Filter Include="Resource Files\Shaders">
      <UniqueIdentifier>{1b3a0698-c991-406d-ae11-a85c0f9e2c53}</UniqueIdentifier>
    </Filter>
    <Filter Include="Header Files\Rendering\D12">
      <UniqueIdentifier>{c1b1e61f-78d7-4c7d-a2a1-5df61dacaf51}</UniqueIdentifier>
    </Filter>
    <Filter Include="Source Files\Rendering\D12">
      <UniqueIdentifier>{c3bc71bb-8e21-4aac-9280-2e27afd5e852}</UniqueIdentifier>
    </Filter>
    <Filter Include="Source Files\Rendering\d3dx12">
      <UniqueIdentifier>{f6685508-1146-4364-994b-fe36a737859d}</UniqueIdentifier>
    </Filter>
    <Filter Include="Header Files\Extern">
      <UniqueIdentifier>{f9a26f26-e746-48cf-adf5-a09c7a2a0c4f}</UniqueIdentifier>
    </Filter>
    <Filter Include="Header Files\Extern\imgui">
      <UniqueIdentifier>{b2dcc291-2de3-450f-b3be-455403f90708}</UniqueIdentifier>
    </Filter>
  </ItemGroup>
  <ItemGroup>
    <ClCompile Include="main.cpp">
      <Filter>Source Files</Filter>
    </ClCompile>
    <ClCompile Include="GridManager.cpp">
      <Filter>Source Files</Filter>
    </ClCompile>
    <ClCompile Include="Tile.cpp">
      <Filter>Source Files</Filter>
    </ClCompile>
    <ClCompile Include="Math.cpp">
      <Filter>Source Files\Utilities</Filter>
    </ClCompile>
    <ClCompile Include="RoomGenerator.cpp">
      <Filter>Source Files</Filter>
    </ClCompile>
    <ClCompile Include="MazeConnector.cpp">
      <Filter>Source Files</Filter>
    </ClCompile>
    <ClCompile Include="DeadEndRemover.cpp">
      <Filter>Source Files</Filter>
    </ClCompile>
    <ClCompile Include="Rendering\Window.cpp">
      <Filter>Source Files\Rendering</Filter>
    </ClCompile>
    <ClCompile Include="HighResolutionClock.cpp">
      <Filter>Source Files\Utilities</Filter>
    </ClCompile>
    <ClCompile Include="App.cpp">
      <Filter>Source Files\Utilities</Filter>
    </ClCompile>
    <ClCompile Include="Rendering\Renderer_D12.cpp">
      <Filter>Source Files\Rendering\D12</Filter>
    </ClCompile>
    <ClCompile Include="Rendering\UploadBuffer_D12.cpp">
      <Filter>Source Files\Rendering\D12</Filter>
    </ClCompile>
    <ClCompile Include="Rendering\DescriptorAllocator_D12.cpp">
      <Filter>Source Files\Rendering\D12</Filter>
    </ClCompile>
    <ClCompile Include="Rendering\DescriptorAllocatorPage_D12.cpp">
      <Filter>Source Files\Rendering\D12</Filter>
    </ClCompile>
    <ClCompile Include="Rendering\DescriptorAllocation_D12.cpp">
      <Filter>Source Files\Rendering\D12</Filter>
    </ClCompile>
    <ClCompile Include="Rendering\DynamicDescriptorHeap_D12.cpp">
      <Filter>Source Files\Rendering\D12</Filter>
    </ClCompile>
    <ClCompile Include="Rendering\RootSignature_D12.cpp">
      <Filter>Source Files\Rendering\D12</Filter>
    </ClCompile>
    <ClCompile Include="Rendering\CommandList_D12.cpp">
      <Filter>Source Files\Rendering\D12</Filter>
    </ClCompile>
    <ClCompile Include="Rendering\CommandQueue_D12.cpp">
      <Filter>Source Files\Rendering\D12</Filter>
    </ClCompile>
    <ClCompile Include="Extern\DirectXTex\DirectXTexWIC.cpp">
      <Filter>Header Files\Extern</Filter>
    </ClCompile>
    <ClCompile Include="Extern\DirectXTex\BC.cpp">
      <Filter>Header Files\Extern</Filter>
    </ClCompile>
    <ClCompile Include="Extern\DirectXTex\BC4BC5.cpp">
      <Filter>Header Files\Extern</Filter>
    </ClCompile>
    <ClCompile Include="Extern\DirectXTex\BC6HBC7.cpp">
      <Filter>Header Files\Extern</Filter>
    </ClCompile>
    <ClCompile Include="Extern\DDSTextureLoader\DDSTextureLoader9.cpp">
      <Filter>Header Files\Extern</Filter>
    </ClCompile>
    <ClCompile Include="Extern\DDSTextureLoader\DDSTextureLoader11.cpp">
      <Filter>Header Files\Extern</Filter>
    </ClCompile>
    <ClCompile Include="Extern\DDSTextureLoader\DDSTextureLoader12.cpp">
      <Filter>Header Files\Extern</Filter>
    </ClCompile>
    <ClCompile Include="Extern\DirectXTex\DirectXTexCompress.cpp">
      <Filter>Header Files\Extern</Filter>
    </ClCompile>
    <ClCompile Include="Extern\DirectXTex\DirectXTexConvert.cpp">
      <Filter>Header Files\Extern</Filter>
    </ClCompile>
    <ClCompile Include="Extern\DirectXTex\DirectXTexD3D11.cpp">
      <Filter>Header Files\Extern</Filter>
    </ClCompile>
    <ClCompile Include="Extern\DirectXTex\DirectXTexD3D12.cpp">
      <Filter>Header Files\Extern</Filter>
    </ClCompile>
    <ClCompile Include="Extern\DirectXTex\DirectXTexDDS.cpp">
      <Filter>Header Files\Extern</Filter>
    </ClCompile>
    <ClCompile Include="Extern\DirectXTex\DirectXTexFlipRotate.cpp">
      <Filter>Header Files\Extern</Filter>
    </ClCompile>
    <ClCompile Include="Extern\DirectXTex\DirectXTexHDR.cpp">
      <Filter>Header Files\Extern</Filter>
    </ClCompile>
    <ClCompile Include="Extern\DirectXTex\DirectXTexImage.cpp">
      <Filter>Header Files\Extern</Filter>
    </ClCompile>
    <ClCompile Include="Extern\DirectXTex\DirectXTexMipmaps.cpp">
      <Filter>Header Files\Extern</Filter>
    </ClCompile>
    <ClCompile Include="Extern\DirectXTex\DirectXTexMisc.cpp">
      <Filter>Header Files\Extern</Filter>
    </ClCompile>
    <ClCompile Include="Extern\DirectXTex\DirectXTexNormalMaps.cpp">
      <Filter>Header Files\Extern</Filter>
    </ClCompile>
    <ClCompile Include="Extern\DirectXTex\DirectXTexPMAlpha.cpp">
      <Filter>Header Files\Extern</Filter>
    </ClCompile>
    <ClCompile Include="Extern\DirectXTex\DirectXTexResize.cpp">
      <Filter>Header Files\Extern</Filter>
    </ClCompile>
    <ClCompile Include="Extern\DirectXTex\DirectXTexTGA.cpp">
      <Filter>Header Files\Extern</Filter>
    </ClCompile>
    <ClCompile Include="Extern\DirectXTex\DirectXTexUtil.cpp">
      <Filter>Header Files\Extern</Filter>
    </ClCompile>
    <ClCompile Include="Rendering\Texture_D12.cpp">
      <Filter>Source Files\Rendering\D12</Filter>
    </ClCompile>
    <ClCompile Include="Extern\imgui\imgui.cpp">
      <Filter>Header Files\Extern\imgui</Filter>
    </ClCompile>
    <ClCompile Include="Extern\imgui\imgui_demo.cpp">
      <Filter>Header Files\Extern\imgui</Filter>
    </ClCompile>
    <ClCompile Include="Extern\imgui\imgui_draw.cpp">
      <Filter>Header Files\Extern\imgui</Filter>
    </ClCompile>
    <ClCompile Include="Extern\imgui\imgui_tables.cpp">
      <Filter>Header Files\Extern\imgui</Filter>
    </ClCompile>
    <ClCompile Include="Extern\imgui\imgui_widgets.cpp">
      <Filter>Header Files\Extern\imgui</Filter>
    </ClCompile>
    <ClCompile Include="Extern\imgui\backends\imgui_impl_dx12.cpp">
      <Filter>Header Files\Extern\imgui</Filter>
    </ClCompile>
    <ClCompile Include="Extern\imgui\misc\cpp\imgui_stdlib.cpp">
      <Filter>Header Files\Extern\imgui</Filter>
    </ClCompile>
    <ClCompile Include="Extern\imgui\backends\imgui_impl_win32.cpp">
      <Filter>Header Files\Extern\imgui</Filter>
    </ClCompile>
    <ClCompile Include="MAEllers.cpp">
      <Filter>Source Files\MazeGen</Filter>
    </ClCompile>
    <ClCompile Include="MARecursiveBacktracker.cpp">
      <Filter>Source Files\MazeGen</Filter>
    </ClCompile>
  </ItemGroup>
  <ItemGroup>
    <ClInclude Include="GridManager.h">
      <Filter>Header Files</Filter>
    </ClInclude>
    <ClInclude Include="Tile.h">
      <Filter>Header Files</Filter>
    </ClInclude>
    <ClInclude Include="Singleton.h">
      <Filter>Header Files\Utilities</Filter>
    </ClInclude>
    <ClInclude Include="Math.h">
      <Filter>Header Files\Utilities</Filter>
    </ClInclude>
    <ClInclude Include="GameDefs.h">
      <Filter>Header Files\Utilities</Filter>
    </ClInclude>
    <ClInclude Include="RoomGenerator.h">
      <Filter>Header Files</Filter>
    </ClInclude>
    <ClInclude Include="MazeConnector.h">
      <Filter>Header Files</Filter>
    </ClInclude>
    <ClInclude Include="DeadEndRemover.h">
      <Filter>Header Files</Filter>
    </ClInclude>
    <ClInclude Include="IThreadedSolver.h">
      <Filter>Header Files</Filter>
    </ClInclude>
    <ClInclude Include="Rendering\d3dx12\d3d12.h">
      <Filter>Header Files\Rendering\d3dx12</Filter>
    </ClInclude>
    <ClInclude Include="Rendering\d3dx12\d3d12compatibility.h">
      <Filter>Header Files\Rendering\d3dx12</Filter>
    </ClInclude>
    <ClInclude Include="Rendering\d3dx12\d3d12sdklayers.h">
      <Filter>Header Files\Rendering\d3dx12</Filter>
    </ClInclude>
    <ClInclude Include="Rendering\d3dx12\d3d12shader.h">
      <Filter>Header Files\Rendering\d3dx12</Filter>
    </ClInclude>
    <ClInclude Include="Rendering\d3dx12\D3D12TokenizedProgramFormat.hpp">
      <Filter>Header Files\Rendering\d3dx12</Filter>
    </ClInclude>
    <ClInclude Include="Rendering\d3dx12\d3d12video.h">
      <Filter>Header Files\Rendering\d3dx12</Filter>
    </ClInclude>
    <ClInclude Include="Rendering\d3dx12\d3dcommon.h">
      <Filter>Header Files\Rendering\d3dx12</Filter>
    </ClInclude>
    <ClInclude Include="Rendering\d3dx12\d3dx12.h">
      <Filter>Header Files\Rendering\d3dx12</Filter>
    </ClInclude>
    <ClInclude Include="Rendering\d3dx12\d3dx12_barriers.h">
      <Filter>Header Files\Rendering\d3dx12</Filter>
    </ClInclude>
    <ClInclude Include="Rendering\d3dx12\d3dx12_check_feature_support.h">
      <Filter>Header Files\Rendering\d3dx12</Filter>
    </ClInclude>
    <ClInclude Include="Rendering\d3dx12\d3dx12_core.h">
      <Filter>Header Files\Rendering\d3dx12</Filter>
    </ClInclude>
    <ClInclude Include="Rendering\d3dx12\d3dx12_default.h">
      <Filter>Header Files\Rendering\d3dx12</Filter>
    </ClInclude>
    <ClInclude Include="Rendering\d3dx12\d3dx12_pipeline_state_stream.h">
      <Filter>Header Files\Rendering\d3dx12</Filter>
    </ClInclude>
    <ClInclude Include="Rendering\d3dx12\d3dx12_property_format_table.h">
      <Filter>Header Files\Rendering\d3dx12</Filter>
    </ClInclude>
    <ClInclude Include="Rendering\d3dx12\d3dx12_render_pass.h">
      <Filter>Header Files\Rendering\d3dx12</Filter>
    </ClInclude>
    <ClInclude Include="Rendering\d3dx12\d3dx12_resource_helpers.h">
      <Filter>Header Files\Rendering\d3dx12</Filter>
    </ClInclude>
    <ClInclude Include="Rendering\d3dx12\d3dx12_root_signature.h">
      <Filter>Header Files\Rendering\d3dx12</Filter>
    </ClInclude>
    <ClInclude Include="Rendering\d3dx12\d3dx12_state_object.h">
      <Filter>Header Files\Rendering\d3dx12</Filter>
    </ClInclude>
    <ClInclude Include="Rendering\d3dx12\DirectML.h">
      <Filter>Header Files\Rendering\d3dx12</Filter>
    </ClInclude>
    <ClInclude Include="Rendering\d3dx12\dxcore.h">
      <Filter>Header Files\Rendering\d3dx12</Filter>
    </ClInclude>
    <ClInclude Include="Rendering\d3dx12\dxcore_interface.h">
      <Filter>Header Files\Rendering\d3dx12</Filter>
    </ClInclude>
    <ClInclude Include="Rendering\d3dx12\dxgicommon.h">
      <Filter>Header Files\Rendering\d3dx12</Filter>
    </ClInclude>
    <ClInclude Include="Rendering\d3dx12\dxgiformat.h">
      <Filter>Header Files\Rendering\d3dx12</Filter>
    </ClInclude>
    <ClInclude Include="Rendering\Window.h">
      <Filter>Header Files\Rendering</Filter>
    </ClInclude>
    <ClInclude Include="App.h">
      <Filter>Header Files</Filter>
    </ClInclude>
    <ClInclude Include="Events.h">
      <Filter>Header Files</Filter>
    </ClInclude>
    <ClInclude Include="KeyCodes.h">
      <Filter>Header Files</Filter>
    </ClInclude>
    <ClInclude Include="HighResolutionClock.h">
      <Filter>Header Files\Utilities</Filter>
    </ClInclude>
    <ClInclude Include="Rendering\Renderer_D12.h">
      <Filter>Header Files\Rendering\D12</Filter>
    </ClInclude>
    <ClInclude Include="Rendering\UploadBuffer_D12.h">
      <Filter>Header Files\Rendering\D12</Filter>
    </ClInclude>
    <ClInclude Include="Rendering\RenderDefs.h">
      <Filter>Header Files\Rendering\D12</Filter>
    </ClInclude>
    <ClInclude Include="Rendering\DescriptorAllocator_D12.h">
      <Filter>Header Files\Rendering\D12</Filter>
    </ClInclude>
    <ClInclude Include="Rendering\DescriptorAllocatorPage_D12.h">
      <Filter>Header Files\Rendering\D12</Filter>
    </ClInclude>
    <ClInclude Include="Rendering\DescriptorAllocation_D12.h">
      <Filter>Header Files\Rendering\D12</Filter>
    </ClInclude>
    <ClInclude Include="Rendering\DynamicDescriptorHeap_D12.h">
      <Filter>Header Files\Rendering\D12</Filter>
    </ClInclude>
    <ClInclude Include="Rendering\RootSignature_D12.h">
      <Filter>Header Files\Rendering\D12</Filter>
    </ClInclude>
    <ClInclude Include="Rendering\CommandList_D12.h">
      <Filter>Header Files\Rendering\D12</Filter>
    </ClInclude>
    <ClInclude Include="Rendering\CommandQueue_D12.h">
      <Filter>Header Files\Rendering\D12</Filter>
    </ClInclude>
    <ClInclude Include="Rendering\DX12_Helpers.h">
      <Filter>Header Files\Rendering\D12</Filter>
    </ClInclude>
    <ClInclude Include="Rendering\d3dx12\DDSTextureLoader12.h">
      <Filter>Header Files\Rendering\d3dx12</Filter>
    </ClInclude>
    <ClInclude Include="Extern\DirectXTex\BC.h">
      <Filter>Header Files\Extern</Filter>
    </ClInclude>
    <ClInclude Include="Extern\DirectXTex\d3dx12.h">
      <Filter>Header Files\Extern</Filter>
    </ClInclude>
    <ClInclude Include="Extern\DirectXTex\DDS.h">
      <Filter>Header Files\Extern</Filter>
    </ClInclude>
    <ClInclude Include="Extern\DDSTextureLoader\DDSTextureLoader9.h">
      <Filter>Header Files\Extern</Filter>
    </ClInclude>
    <ClInclude Include="Extern\DDSTextureLoader\DDSTextureLoader11.h">
      <Filter>Header Files\Extern</Filter>
    </ClInclude>
    <ClInclude Include="Extern\DDSTextureLoader\DDSTextureLoader12.h">
      <Filter>Header Files\Extern</Filter>
    </ClInclude>
    <ClInclude Include="Extern\DirectXTex\DirectXTex.h">
      <Filter>Header Files\Extern</Filter>
    </ClInclude>
    <ClInclude Include="Extern\DirectXTex\DirectXTexP.h">
      <Filter>Header Files\Extern</Filter>
    </ClInclude>
    <ClInclude Include="Extern\DirectXTex\filters.h">
      <Filter>Header Files\Extern</Filter>
    </ClInclude>
    <ClInclude Include="Extern\DirectXTex\scoped.h">
      <Filter>Header Files\Extern</Filter>
    </ClInclude>
    <ClInclude Include="Rendering\Texture_D12.h">
      <Filter>Header Files\Rendering\D12</Filter>
    </ClInclude>
    <ClInclude Include="Extern\imgui\imstb_truetype.h">
      <Filter>Header Files\Extern\imgui</Filter>
    </ClInclude>
    <ClInclude Include="Extern\imgui\imconfig.h">
      <Filter>Header Files\Extern\imgui</Filter>
    </ClInclude>
    <ClInclude Include="Extern\imgui\imgui.h">
      <Filter>Header Files\Extern\imgui</Filter>
    </ClInclude>
    <ClInclude Include="Extern\imgui\imgui_internal.h">
      <Filter>Header Files\Extern\imgui</Filter>
    </ClInclude>
    <ClInclude Include="Extern\imgui\imstb_rectpack.h">
      <Filter>Header Files\Extern\imgui</Filter>
    </ClInclude>
    <ClInclude Include="Extern\imgui\imstb_textedit.h">
      <Filter>Header Files\Extern\imgui</Filter>
    </ClInclude>
    <ClInclude Include="Extern\imgui\backends\imgui_impl_dx12.h">
      <Filter>Header Files\Extern\imgui</Filter>
    </ClInclude>
    <ClInclude Include="Extern\imgui\misc\cpp\imgui_stdlib.h">
      <Filter>Header Files\Extern\imgui</Filter>
    </ClInclude>
    <ClInclude Include="Extern\imgui\backends\imgui_impl_win32.h">
      <Filter>Header Files\Extern\imgui</Filter>
    </ClInclude>
    <ClInclude Include="IMazeAlgorithm.h">
      <Filter>Header Files\MazeGen</Filter>
    </ClInclude>
    <ClInclude Include="MARecursiveBacktracker.h">
      <Filter>Header Files\MazeGen</Filter>
    </ClInclude>
    <ClInclude Include="MAEllers.h">
      <Filter>Header Files\MazeGen</Filter>
    </ClInclude>
  </ItemGroup>
  <ItemGroup>
    <FxCompile Include="Resources\Shaders\vertex_basic.hlsl">
      <Filter>Resource Files\Shaders</Filter>
    </FxCompile>
    <FxCompile Include="Resources\Shaders\pixel_basic.hlsl">
      <Filter>Resource Files\Shaders</Filter>
    </FxCompile>
    <FxCompile Include="Resources\Shaders\vertex_shadow.hlsl">
      <Filter>Resource Files\Shaders</Filter>
    </FxCompile>
    <FxCompile Include="Resources\Shaders\pixel_shadow.hlsl">
      <Filter>Resource Files\Shaders</Filter>
    </FxCompile>
  </ItemGroup>
  <ItemGroup>
    <None Include="Extern\DirectXTex\DirectXTex.inl">
      <Filter>Header Files\Extern</Filter>
    </None>
    <None Include="Extern\imgui\misc\debuggers\imgui.natstepfilter">
      <Filter>Header Files\Extern\imgui</Filter>
    </None>
  </ItemGroup>
  <ItemGroup>
    <Natvis Include="Extern\imgui\misc\debuggers\imgui.natvis">
      <Filter>Header Files\Extern\imgui</Filter>
    </Natvis>
  </ItemGroup>
</Project>