<?xml version="1.0" encoding="utf-8"?>
<Project ToolsVersion="4.0" xmlns="http://schemas.microsoft.com/developer/msbuild/2003">
  <ItemGroup>
    <Filter Include="Source Files">
      <UniqueIdentifier>{4FC737F1-C7A5-4376-A066-2A32D752A2FF}</UniqueIdentifier>
      <Extensions>cpp;c;cc;cxx;def;odl;idl;hpj;bat;asm;asmx</Extensions>
    </Filter>
    <Filter Include="Header Files">
      <UniqueIdentifier>{93995380-89BD-4b04-88EB-625FBE52EBFB}</UniqueIdentifier>
      <Extensions>h;hh;hpp;hxx;hm;inl;inc;xsd</Extensions>
    </Filter>
    <Filter Include="Resource Files">
      <UniqueIdentifier>{67DA6AB6-F800-4c08-8B7A-83BB121AAD01}</UniqueIdentifier>
      <Extensions>rc;ico;cur;bmp;dlg;rc2;rct;bin;rgs;gif;jpg;jpeg;jpe;resx;tiff;tif;png;wav;mfcribbon-ms</Extensions>
    </Filter>
    <Filter Include="Header Files\MazeGen">
      <UniqueIdentifier>{73189443-aa36-492e-9015-b9ed60328bad}</UniqueIdentifier>
    </Filter>
    <Filter Include="Source Files\MazeGen">
      <UniqueIdentifier>{76c5b953-7c15-40b3-8a51-a54a14f0b192}</UniqueIdentifier>
    </Filter>
    <Filter Include="Header Files\Utilities">
      <UniqueIdentifier>{3676cfe7-b949-4e68-bfa3-1c9348a7d28d}</UniqueIdentifier>
    </Filter>
    <Filter Include="Source Files\Utilities">
      <UniqueIdentifier>{f5683648-e498-467f-a97d-5f4fac7ff9d1}</UniqueIdentifier>
    </Filter>
    <Filter Include="Header Files\Rendering">
      <UniqueIdentifier>{66567349-7abe-4aa1-818d-9860e9fb324b}</UniqueIdentifier>
    </Filter>
    <Filter Include="Header Files\Rendering\d3dx12">
      <UniqueIdentifier>{3d2e0ec8-71ca-455e-a94d-d1faa9a26dc8}</UniqueIdentifier>
    </Filter>
    <Filter Include="Source Files\Rendering">
      <UniqueIdentifier>{8aed748e-1967-4073-8725-552dda119c64}</UniqueIdentifier>
    </Filter>
    <Filter Include="Resource Files\Shaders">
      <UniqueIdentifier>{1b3a0698-c991-406d-ae11-a85c0f9e2c53}</UniqueIdentifier>
    </Filter>
    <Filter Include="Header Files\Rendering\D12">
      <UniqueIdentifier>{c1b1e61f-78d7-4c7d-a2a1-5df61dacaf51}</UniqueIdentifier>
    </Filter>
    <Filter Include="Source Files\Rendering\D12">
      <UniqueIdentifier>{c3bc71bb-8e21-4aac-9280-2e27afd5e852}</UniqueIdentifier>
    </Filter>
  </ItemGroup>
  <ItemGroup>
    <ClCompile Include="main.cpp">
      <Filter>Source Files</Filter>
    </ClCompile>
    <ClCompile Include="GridManager.cpp">
      <Filter>Source Files</Filter>
    </ClCompile>
    <ClCompile Include="Tile.cpp">
      <Filter>Source Files</Filter>
    </ClCompile>
    <ClCompile Include="Math.cpp">
      <Filter>Source Files\Utilities</Filter>
    </ClCompile>
    <ClCompile Include="MGEllers.cpp">
      <Filter>Source Files\MazeGen</Filter>
    </ClCompile>
    <ClCompile Include="MGRecursiveBacktracker.cpp">
      <Filter>Source Files\MazeGen</Filter>
    </ClCompile>
    <ClCompile Include="RoomGenerator.cpp">
      <Filter>Source Files</Filter>
    </ClCompile>
    <ClCompile Include="MazeConnector.cpp">
      <Filter>Source Files</Filter>
    </ClCompile>
    <ClCompile Include="DeadEndRemover.cpp">
      <Filter>Source Files</Filter>
    </ClCompile>
    <ClCompile Include="Rendering\Window.cpp">
      <Filter>Source Files\Rendering</Filter>
    </ClCompile>
    <ClCompile Include="Rendering\CommandQueue.cpp">
      <Filter>Source Files\Rendering</Filter>
    </ClCompile>
    <ClCompile Include="HighResolutionClock.cpp">
      <Filter>Source Files\Utilities</Filter>
    </ClCompile>
    <ClCompile Include="App.cpp">
      <Filter>Source Files\Utilities</Filter>
    </ClCompile>
    <ClCompile Include="Rendering\Renderer_D12.cpp">
      <Filter>Source Files\Rendering\D12</Filter>
    </ClCompile>
    <ClCompile Include="Rendering\UploadBuffer_D12.cpp">
      <Filter>Source Files\Rendering\D12</Filter>
    </ClCompile>
    <ClCompile Include="Rendering\DescriptorAllocator_D12.cpp">
      <Filter>Source Files\Rendering\D12</Filter>
    </ClCompile>
    <ClCompile Include="Rendering\DescriptorAllocatorPage_D12.cpp">
      <Filter>Source Files\Rendering\D12</Filter>
    </ClCompile>
    <ClCompile Include="Rendering\DescriptorAllocation_D12.cpp">
      <Filter>Source Files\Rendering\D12</Filter>
    </ClCompile>
  </ItemGroup>
  <ItemGroup>
    <ClInclude Include="GridManager.h">
      <Filter>Header Files</Filter>
    </ClInclude>
    <ClInclude Include="Tile.h">
      <Filter>Header Files</Filter>
    </ClInclude>
    <ClInclude Include="IMazeGenerator.h">
      <Filter>Header Files\MazeGen</Filter>
    </ClInclude>
    <ClInclude Include="Singleton.h">
      <Filter>Header Files\Utilities</Filter>
    </ClInclude>
    <ClInclude Include="Math.h">
      <Filter>Header Files\Utilities</Filter>
    </ClInclude>
    <ClInclude Include="MGEllers.h">
      <Filter>Header Files\MazeGen</Filter>
    </ClInclude>
    <ClInclude Include="MGRecursiveBacktracker.h">
      <Filter>Header Files\MazeGen</Filter>
    </ClInclude>
    <ClInclude Include="GameDefs.h">
      <Filter>Header Files\Utilities</Filter>
    </ClInclude>
    <ClInclude Include="RoomGenerator.h">
      <Filter>Header Files</Filter>
    </ClInclude>
    <ClInclude Include="MazeConnector.h">
      <Filter>Header Files</Filter>
    </ClInclude>
    <ClInclude Include="DeadEndRemover.h">
      <Filter>Header Files</Filter>
    </ClInclude>
    <ClInclude Include="IThreadedSolver.h">
      <Filter>Header Files</Filter>
    </ClInclude>
    <ClInclude Include="Rendering\DX12_Helpers.h">
      <Filter>Header Files\Rendering</Filter>
    </ClInclude>
    <ClInclude Include="Rendering\d3dx12\d3d12.h">
      <Filter>Header Files\Rendering\d3dx12</Filter>
    </ClInclude>
    <ClInclude Include="Rendering\d3dx12\d3d12compatibility.h">
      <Filter>Header Files\Rendering\d3dx12</Filter>
    </ClInclude>
    <ClInclude Include="Rendering\d3dx12\d3d12sdklayers.h">
      <Filter>Header Files\Rendering\d3dx12</Filter>
    </ClInclude>
    <ClInclude Include="Rendering\d3dx12\d3d12shader.h">
      <Filter>Header Files\Rendering\d3dx12</Filter>
    </ClInclude>
    <ClInclude Include="Rendering\d3dx12\D3D12TokenizedProgramFormat.hpp">
      <Filter>Header Files\Rendering\d3dx12</Filter>
    </ClInclude>
    <ClInclude Include="Rendering\d3dx12\d3d12video.h">
      <Filter>Header Files\Rendering\d3dx12</Filter>
    </ClInclude>
    <ClInclude Include="Rendering\d3dx12\d3dcommon.h">
      <Filter>Header Files\Rendering\d3dx12</Filter>
    </ClInclude>
    <ClInclude Include="Rendering\d3dx12\d3dx12.h">
      <Filter>Header Files\Rendering\d3dx12</Filter>
    </ClInclude>
    <ClInclude Include="Rendering\d3dx12\d3dx12_barriers.h">
      <Filter>Header Files\Rendering\d3dx12</Filter>
    </ClInclude>
    <ClInclude Include="Rendering\d3dx12\d3dx12_check_feature_support.h">
      <Filter>Header Files\Rendering\d3dx12</Filter>
    </ClInclude>
    <ClInclude Include="Rendering\d3dx12\d3dx12_core.h">
      <Filter>Header Files\Rendering\d3dx12</Filter>
    </ClInclude>
    <ClInclude Include="Rendering\d3dx12\d3dx12_default.h">
      <Filter>Header Files\Rendering\d3dx12</Filter>
    </ClInclude>
    <ClInclude Include="Rendering\d3dx12\d3dx12_pipeline_state_stream.h">
      <Filter>Header Files\Rendering\d3dx12</Filter>
    </ClInclude>
    <ClInclude Include="Rendering\d3dx12\d3dx12_property_format_table.h">
      <Filter>Header Files\Rendering\d3dx12</Filter>
    </ClInclude>
    <ClInclude Include="Rendering\d3dx12\d3dx12_render_pass.h">
      <Filter>Header Files\Rendering\d3dx12</Filter>
    </ClInclude>
    <ClInclude Include="Rendering\d3dx12\d3dx12_resource_helpers.h">
      <Filter>Header Files\Rendering\d3dx12</Filter>
    </ClInclude>
    <ClInclude Include="Rendering\d3dx12\d3dx12_root_signature.h">
      <Filter>Header Files\Rendering\d3dx12</Filter>
    </ClInclude>
    <ClInclude Include="Rendering\d3dx12\d3dx12_state_object.h">
      <Filter>Header Files\Rendering\d3dx12</Filter>
    </ClInclude>
    <ClInclude Include="Rendering\d3dx12\DirectML.h">
      <Filter>Header Files\Rendering\d3dx12</Filter>
    </ClInclude>
    <ClInclude Include="Rendering\d3dx12\dxcore.h">
      <Filter>Header Files\Rendering\d3dx12</Filter>
    </ClInclude>
    <ClInclude Include="Rendering\d3dx12\dxcore_interface.h">
      <Filter>Header Files\Rendering\d3dx12</Filter>
    </ClInclude>
    <ClInclude Include="Rendering\d3dx12\dxgicommon.h">
      <Filter>Header Files\Rendering\d3dx12</Filter>
    </ClInclude>
    <ClInclude Include="Rendering\d3dx12\dxgiformat.h">
      <Filter>Header Files\Rendering\d3dx12</Filter>
    </ClInclude>
    <ClInclude Include="Rendering\Window.h">
      <Filter>Header Files\Rendering</Filter>
    </ClInclude>
    <ClInclude Include="Rendering\CommandQueue.h">
      <Filter>Header Files\Rendering</Filter>
    </ClInclude>
    <ClInclude Include="App.h">
      <Filter>Header Files</Filter>
    </ClInclude>
    <ClInclude Include="Events.h">
      <Filter>Header Files</Filter>
    </ClInclude>
    <ClInclude Include="KeyCodes.h">
      <Filter>Header Files</Filter>
    </ClInclude>
    <ClInclude Include="HighResolutionClock.h">
      <Filter>Header Files\Utilities</Filter>
    </ClInclude>
    <ClInclude Include="Rendering\Renderer_D12.h">
      <Filter>Header Files\Rendering\D12</Filter>
    </ClInclude>
    <ClInclude Include="Rendering\UploadBuffer_D12.h">
      <Filter>Header Files\Rendering\D12</Filter>
    </ClInclude>
    <ClInclude Include="Rendering\RenderDefs.h">
      <Filter>Header Files\Rendering\D12</Filter>
    </ClInclude>
    <ClInclude Include="Rendering\DescriptorAllocator_D12.h">
      <Filter>Header Files\Rendering\D12</Filter>
    </ClInclude>
    <ClInclude Include="Rendering\DescriptorAllocatorPage_D12.h">
      <Filter>Header Files\Rendering\D12</Filter>
    </ClInclude>
    <ClInclude Include="Rendering\DescriptorAllocation_D12.h">
      <Filter>Header Files\Rendering\D12</Filter>
    </ClInclude>
  </ItemGroup>
  <ItemGroup>
    <FxCompile Include="Resources\Shaders\vertex_basic.hlsl">
      <Filter>Resource Files\Shaders</Filter>
    </FxCompile>
    <FxCompile Include="Resources\Shaders\pixel_basic.hlsl">
      <Filter>Resource Files\Shaders</Filter>
    </FxCompile>
  </ItemGroup>
</Project>